
Microsoft Visual Studio Solution File, Format Version 12.00
# Visual Studio 2013
VisualStudioVersion = 12.0.31101.0
MinimumVisualStudioVersion = 10.0.40219.1
Project("{2150E333-8FDC-42A3-9474-1A3956D46DE8}") = "Engine", "Engine", "{AF2AFC29-2CFE-4E0A-8941-667C2335472C}"
EndProject
Project("{2150E333-8FDC-42A3-9474-1A3956D46DE8}") = "Games", "Games", "{7EF1952A-EFBE-40BE-BEAD-C16BF02FA62A}"
EndProject
Project("{8BC9CEB8-8B4A-11D0-8D11-00A0C91BC942}") = "Prototype", "Intermediate\ProjectFiles\Prototype.vcxproj", "{B3B80043-2399-4086-81F3-3A00F15FFE81}"
EndProject
Project("{8BC9CEB8-8B4A-11D0-8D11-00A0C91BC942}") = "UE4", "Intermediate\ProjectFiles\UE4.vcxproj", "{2768046E-4821-4BC9-8B73-5C7B1B9A8293}"
EndProject
Global
	GlobalSection(SolutionConfigurationPlatforms) = preSolution
		DebugGame Editor|Windows = DebugGame Editor|Windows
		DebugGame|Windows = DebugGame|Windows
		Development Editor|Windows = Development Editor|Windows
		Development|Windows = Development|Windows
		Shipping|Windows = Shipping|Windows
	EndGlobalSection
	GlobalSection(ProjectConfigurationPlatforms) = postSolution
		{B3B80043-2399-4086-81F3-3A00F15FFE81}.DebugGame Editor|Windows.ActiveCfg = DebugGame_Editor|x64
		{B3B80043-2399-4086-81F3-3A00F15FFE81}.DebugGame Editor|Windows.Build.0 = DebugGame_Editor|x64
		{B3B80043-2399-4086-81F3-3A00F15FFE81}.DebugGame|Windows.ActiveCfg = DebugGame_Game|x64
		{B3B80043-2399-4086-81F3-3A00F15FFE81}.DebugGame|Windows.Build.0 = DebugGame_Game|x64
		{B3B80043-2399-4086-81F3-3A00F15FFE81}.Development Editor|Windows.ActiveCfg = Development_Editor|x64
		{B3B80043-2399-4086-81F3-3A00F15FFE81}.Development Editor|Windows.Build.0 = Development_Editor|x64
		{B3B80043-2399-4086-81F3-3A00F15FFE81}.Development|Windows.ActiveCfg = Development_Game|x64
		{B3B80043-2399-4086-81F3-3A00F15FFE81}.Development|Windows.Build.0 = Development_Game|x64
		{B3B80043-2399-4086-81F3-3A00F15FFE81}.Shipping|Windows.ActiveCfg = Shipping_Game|Win32
		{B3B80043-2399-4086-81F3-3A00F15FFE81}.Shipping|Windows.Build.0 = Shipping_Game|Win32
		{2768046E-4821-4BC9-8B73-5C7B1B9A8293}.DebugGame Editor|Windows.ActiveCfg = BuiltWithUnrealBuildTool|Win32
		{2768046E-4821-4BC9-8B73-5C7B1B9A8293}.DebugGame|Windows.ActiveCfg = BuiltWithUnrealBuildTool|Win32
		{2768046E-4821-4BC9-8B73-5C7B1B9A8293}.Development Editor|Windows.ActiveCfg = BuiltWithUnrealBuildTool|Win32
		{2768046E-4821-4BC9-8B73-5C7B1B9A8293}.Development|Windows.ActiveCfg = BuiltWithUnrealBuildTool|Win32
		{2768046E-4821-4BC9-8B73-5C7B1B9A8293}.Shipping|Windows.ActiveCfg = BuiltWithUnrealBuildTool|Win32
	EndGlobalSection
	GlobalSection(SolutionProperties) = preSolution
		HideSolutionNode = FALSE
	EndGlobalSection
	GlobalSection(NestedProjects) = preSolution
		{B3B80043-2399-4086-81F3-3A00F15FFE81} = {7EF1952A-EFBE-40BE-BEAD-C16BF02FA62A}
		{2768046E-4821-4BC9-8B73-5C7B1B9A8293} = {AF2AFC29-2CFE-4E0A-8941-667C2335472C}
	EndGlobalSection
EndGlobal
